
Microsoft Visual Studio Solution File, Format Version 12.00
# Visual Studio Version 17
VisualStudioVersion = 17.0.31903.59
MinimumVisualStudioVersion = 10.0.40219.1
Project("{9A19103F-16F7-4668-BE54-9A1E7A4F7556}") = "HMS", "HMS\HMS.csproj", "{09BF8D26-3135-421D-965F-5E99AA78A36A}"
EndProject
Global
	GlobalSection(SolutionConfigurationPlatforms) = preSolution
		Debug|Any CPU = Debug|Any CPU
		Release|Any CPU = Release|Any CPU
	EndGlobalSection
	GlobalSection(ProjectConfigurationPlatforms) = postSolution
		{09BF8D26-3135-421D-965F-5E99AA78A36A}.Debug|Any CPU.ActiveCfg = Debug|Any CPU
		{09BF8D26-3135-421D-965F-5E99AA78A36A}.Debug|Any CPU.Build.0 = Debug|Any CPU
		{09BF8D26-3135-421D-965F-5E99AA78A36A}.Release|Any CPU.ActiveCfg = Release|Any CPU
		{09BF8D26-3135-421D-965F-5E99AA78A36A}.Release|Any CPU.Build.0 = Release|Any CPU
	EndGlobalSection
	GlobalSection(SolutionProperties) = preSolution
		HideSolutionNode = FALSE
	EndGlobalSection
	GlobalSection(ExtensibilityGlobals) = postSolution
		SolutionGuid = {0AB8A7AE-0C46-43FC-9429-A355253EBAA1}
	EndGlobalSection
EndGlobal
